# This file is automatically @generated by Cargo.
# It is not intended for manual editing.
version = 3

[[package]]
name = "dining-philosophers"
version = "0.1.0"
dependencies = [
 "priomutex",
]

[[package]]
name = "priomutex"
version = "0.3.1"
source = "registry+https://github.com/rust-lang/crates.io-index"
checksum = "31c5f30db220cf084f346c232042cc79bb6aa7de680c5d15db17351f3aa03f20"
